
Microsoft Visual Studio Solution File, Format Version 11.00
# Visual Studio 2010
Project("{FAE04EC0-301F-11D3-BF4B-00C04F79EFBC}") = "Elinor", "Elinor\Elinor.csproj", "{CF542953-E406-4358-AB83-B36D6F3570FB}"
EndProject
Project("{54435603-DBB4-11D2-8724-00A0C9A8B90C}") = "Setup", "Setup\Setup.vdproj", "{C2E751F1-B63B-4F0F-A8EA-462A7FB42478}"
EndProject
Global
	GlobalSection(SubversionScc) = preSolution
		Svn-Managed = True
		Manager = AnkhSVN - Subversion Support for Visual Studio
	EndGlobalSection
	GlobalSection(SolutionConfigurationPlatforms) = preSolution
		Debug|x86 = Debug|x86
		Release|x86 = Release|x86
	EndGlobalSection
	GlobalSection(ProjectConfigurationPlatforms) = postSolution
		{CF542953-E406-4358-AB83-B36D6F3570FB}.Debug|x86.ActiveCfg = Debug|x86
		{CF542953-E406-4358-AB83-B36D6F3570FB}.Debug|x86.Build.0 = Debug|x86
		{CF542953-E406-4358-AB83-B36D6F3570FB}.Release|x86.ActiveCfg = Release|x86
		{CF542953-E406-4358-AB83-B36D6F3570FB}.Release|x86.Build.0 = Release|x86
		{C2E751F1-B63B-4F0F-A8EA-462A7FB42478}.Debug|x86.ActiveCfg = Debug
		{C2E751F1-B63B-4F0F-A8EA-462A7FB42478}.Release|x86.ActiveCfg = Release
		{C2E751F1-B63B-4F0F-A8EA-462A7FB42478}.Release|x86.Build.0 = Release
	EndGlobalSection
	GlobalSection(SolutionProperties) = preSolution
		HideSolutionNode = FALSE
	EndGlobalSection
EndGlobal
